<?xml version="1.0" encoding="UTF-8"?>
<Scheme
   LastUpgradeVersion = "1520"
   version = "1.7">
   <BuildAction
      parallelizeBuildables = "YES"
      buildImplicitDependencies = "YES">
      <BuildActionEntries>
         <BuildActionEntry
            buildForTesting = "YES"
            buildForRunning = "YES"
            buildForProfiling = "YES"
            buildForArchiving = "YES"
            buildForAnalyzing = "YES">
            <BuildableReference
               BuildableIdentifier = "primary"
               BlueprintIdentifier = "C397C58A2B62C6A9004B084D"
               BuildableName = "llm-tool"
               BlueprintName = "llm-tool"
               ReferencedContainer = "container:mlx-swift-examples.xcodeproj">
            </BuildableReference>
         </BuildActionEntry>
      </BuildActionEntries>
   </BuildAction>
   <TestAction
      buildConfiguration = "Debug"
      selectedDebuggerIdentifier = "Xcode.DebuggerFoundation.Debugger.LLDB"
      selectedLauncherIdentifier = "Xcode.DebuggerFoundation.Launcher.LLDB"
      shouldUseLaunchSchemeArgsEnv = "YES"
      shouldAutocreateTestPlan = "YES">
   </TestAction>
   <LaunchAction
      buildConfiguration = "Release"
      selectedDebuggerIdentifier = "Xcode.DebuggerFoundation.Debugger.LLDB"
      selectedLauncherIdentifier = "Xcode.DebuggerFoundation.Launcher.LLDB"
      launchStyle = "0"
      useCustomWorkingDirectory = "NO"
      ignoresPersistentStateOnLaunch = "NO"
      debugDocumentVersioning = "YES"
      debugServiceExtension = "internal"
      allowLocationSimulation = "YES"
      viewDebuggingEnabled = "No">
      <BuildableProductRunnable
         runnableDebuggingMode = "0">
         <BuildableReference
            BuildableIdentifier = "primary"
            BlueprintIdentifier = "C397C58A2B62C6A9004B084D"
            BuildableName = "llm-tool"
            BlueprintName = "llm-tool"
            ReferencedContainer = "container:mlx-swift-examples.xcodeproj">
         </BuildableReference>
      </BuildableProductRunnable>
      <CommandLineArguments>
         <CommandLineArgument
            argument = "--model mlx-community/CodeLlama-13b-Instruct-hf-4bit-MLX"
            isEnabled = "NO">
         </CommandLineArgument>
         <CommandLineArgument
            argument = "--model microsoft/Phi-4-mini-instruct --prompt &quot;Why is the sky blue?&quot; --extra-eos-token &quot;&lt;|end|&gt;&quot;"
            isEnabled = "NO">
         </CommandLineArgument>
         <CommandLineArgument
            argument = "--model mlx-community/Qwen2-VL-2B-Instruct-4bit --prompt &apos;Describe the image in English.&apos; --image https://www.gstatic.com/webp/gallery/1.webp"
            isEnabled = "YES">
         </CommandLineArgument>
         <CommandLineArgument
            argument = "--repetition-penalty 1.2"
            isEnabled = "NO">
         </CommandLineArgument>
         <CommandLineArgument
            argument = "--top-p 0.95"
            isEnabled = "NO">
         </CommandLineArgument>
         <CommandLineArgument
            argument = "--model mlx-community/c4ai-command-r-v01-4bit"
            isEnabled = "NO">
         </CommandLineArgument>
         <CommandLineArgument
            argument = "--model mlx-community/starcoder2-3b-4bit"
            isEnabled = "NO">
         </CommandLineArgument>
         <CommandLineArgument
            argument = "--model mlx-community/Qwen1.5-0.5B-Chat-4bit"
            isEnabled = "NO">
         </CommandLineArgument>
         <CommandLineArgument
            argument = "--prompt &apos;def quick_sort(arr, left=None, right=None):&apos;"
            isEnabled = "NO">
         </CommandLineArgument>
         <CommandLineArgument
            argument = "--prompt &apos;Why is the sky blue?&apos;"
            isEnabled = "NO">
         </CommandLineArgument>
         <CommandLineArgument
            argument = "--model mlx-community/Mistral-7B-v0.1-hf-4bit-mlx"
            isEnabled = "NO">
         </CommandLineArgument>
         <CommandLineArgument
            argument = "--model mlx-community/Llama-3.2-1B-Instruct-4bit"
            isEnabled = "NO">
         </CommandLineArgument>
         <CommandLineArgument
            argument = "--model mlx-community/phi-2-hf-4bit-mlx"
            isEnabled = "NO">
         </CommandLineArgument>
      </CommandLineArguments>
   </LaunchAction>
   <ProfileAction
      buildConfiguration = "Release"
      shouldUseLaunchSchemeArgsEnv = "YES"
      savedToolIdentifier = ""
      useCustomWorkingDirectory = "NO"
      debugDocumentVersioning = "YES">
      <BuildableProductRunnable
         runnableDebuggingMode = "0">
         <BuildableReference
            BuildableIdentifier = "primary"
            BlueprintIdentifier = "C397C58A2B62C6A9004B084D"
            BuildableName = "llm-tool"
            BlueprintName = "llm-tool"
            ReferencedContainer = "container:mlx-swift-examples.xcodeproj">
         </BuildableReference>
      </BuildableProductRunnable>
   </ProfileAction>
   <AnalyzeAction
      buildConfiguration = "Debug">
   </AnalyzeAction>
   <ArchiveAction
      buildConfiguration = "Release"
      revealArchiveInOrganizer = "YES">
   </ArchiveAction>
</Scheme>
